// !$*UTF8*$!
{
	archiveVersion = 1;
	classes = {
	};
	objectVersion = 56;
	objects = {

/* Begin PBXBuildFile section */
		A67D90E72D15C365004086F2 /* splash.json in Resources */ = {isa = PBXBuildFile; fileRef = A67D90E62D15C365004086F2 /* splash.json */; };
		A67D90E92D15C369004086F2 /* login.json in Resources */ = {isa = PBXBuildFile; fileRef = A67D90E82D15C369004086F2 /* login.json */; };
		A6AAAA6B2B10F02B00C0414F /* PodCastPackage in Frameworks */ = {isa = PBXBuildFile; productRef = A6AAAA6A2B10F02B00C0414F /* PodCastPackage */; };
		A6BD3BC42B10BE9600FA71D4 /* PodCast_AppApp.swift in Sources */ = {isa = PBXBuildFile; fileRef = A6BD3BC32B10BE9600FA71D4 /* PodCast_AppApp.swift */; };
		A6BD3BC82B10BE9800FA71D4 /* Assets.xcassets in Resources */ = {isa = PBXBuildFile; fileRef = A6BD3BC72B10BE9800FA71D4 /* Assets.xcassets */; };
		A6BD3BCB2B10BE9800FA71D4 /* Preview Assets.xcassets in Resources */ = {isa = PBXBuildFile; fileRef = A6BD3BCA2B10BE9800FA71D4 /* Preview Assets.xcassets */; };
		A6BD3BD02B10BE9800FA71D4 /* PodCast_App.xcdatamodeld in Sources */ = {isa = PBXBuildFile; fileRef = A6BD3BCE2B10BE9800FA71D4 /* PodCast_App.xcdatamodeld */; };
		A6BD3BDA2B10BE9800FA71D4 /* PodCast_AppTests.swift in Sources */ = {isa = PBXBuildFile; fileRef = A6BD3BD92B10BE9800FA71D4 /* PodCast_AppTests.swift */; };
		A6BD3BE42B10BE9800FA71D4 /* PodCast_AppUITests.swift in Sources */ = {isa = PBXBuildFile; fileRef = A6BD3BE32B10BE9800FA71D4 /* PodCast_AppUITests.swift */; };
		A6BD3BE62B10BE9800FA71D4 /* PodCast_AppUITestsLaunchTests.swift in Sources */ = {isa = PBXBuildFile; fileRef = A6BD3BE52B10BE9800FA71D4 /* PodCast_AppUITestsLaunchTests.swift */; };
/* End PBXBuildFile section */

/* Begin PBXContainerItemProxy section */
		A6BD3BD62B10BE9800FA71D4 /* PBXContainerItemProxy */ = {
			isa = PBXContainerItemProxy;
			containerPortal = A6BD3BB82B10BE9600FA71D4 /* Project object */;
			proxyType = 1;
			remoteGlobalIDString = A6BD3BBF2B10BE9600FA71D4;
			remoteInfo = "PodCast App";
		};
		A6BD3BE02B10BE9800FA71D4 /* PBXContainerItemProxy */ = {
			isa = PBXContainerItemProxy;
			containerPortal = A6BD3BB82B10BE9600FA71D4 /* Project object */;
			proxyType = 1;
			remoteGlobalIDString = A6BD3BBF2B10BE9600FA71D4;
			remoteInfo = "PodCast App";
		};
/* End PBXContainerItemProxy section */

/* Begin PBXFileReference section */
		A67D90E62D15C365004086F2 /* splash.json */ = {isa = PBXFileReference; lastKnownFileType = text.json; path = splash.json; sourceTree = "<group>"; };
		A67D90E82D15C369004086F2 /* login.json */ = {isa = PBXFileReference; lastKnownFileType = text.json; path = login.json; sourceTree = "<group>"; };
		A6AAAA682B10DF3900C0414F /* PodCastPackage */ = {isa = PBXFileReference; lastKnownFileType = wrapper; path = PodCastPackage; sourceTree = "<group>"; };
		A6AAAA6C2B132BCC00C0414F /* PodCast-App-Info.plist */ = {isa = PBXFileReference; lastKnownFileType = text.plist; path = "PodCast-App-Info.plist"; sourceTree = SOURCE_ROOT; };
		A6BD3BC02B10BE9600FA71D4 /* Support App.app */ = {isa = PBXFileReference; explicitFileType = wrapper.application; includeInIndex = 0; path = "Support App.app"; sourceTree = BUILT_PRODUCTS_DIR; };
		A6BD3BC32B10BE9600FA71D4 /* PodCast_AppApp.swift */ = {isa = PBXFileReference; lastKnownFileType = sourcecode.swift; path = PodCast_AppApp.swift; sourceTree = "<group>"; };
		A6BD3BC72B10BE9800FA71D4 /* Assets.xcassets */ = {isa = PBXFileReference; lastKnownFileType = folder.assetcatalog; path = Assets.xcassets; sourceTree = "<group>"; };
		A6BD3BCA2B10BE9800FA71D4 /* Preview Assets.xcassets */ = {isa = PBXFileReference; lastKnownFileType = folder.assetcatalog; path = "Preview Assets.xcassets"; sourceTree = "<group>"; };
		A6BD3BCF2B10BE9800FA71D4 /* PodCast_App.xcdatamodel */ = {isa = PBXFileReference; lastKnownFileType = wrapper.xcdatamodel; path = PodCast_App.xcdatamodel; sourceTree = "<group>"; };
		A6BD3BD52B10BE9800FA71D4 /* Support AppTests.xctest */ = {isa = PBXFileReference; explicitFileType = wrapper.cfbundle; includeInIndex = 0; path = "Support AppTests.xctest"; sourceTree = BUILT_PRODUCTS_DIR; };
		A6BD3BD92B10BE9800FA71D4 /* PodCast_AppTests.swift */ = {isa = PBXFileReference; lastKnownFileType = sourcecode.swift; path = PodCast_AppTests.swift; sourceTree = "<group>"; };
		A6BD3BDF2B10BE9800FA71D4 /* Support AppUITests.xctest */ = {isa = PBXFileReference; explicitFileType = wrapper.cfbundle; includeInIndex = 0; path = "Support AppUITests.xctest"; sourceTree = BUILT_PRODUCTS_DIR; };
		A6BD3BE32B10BE9800FA71D4 /* PodCast_AppUITests.swift */ = {isa = PBXFileReference; lastKnownFileType = sourcecode.swift; path = PodCast_AppUITests.swift; sourceTree = "<group>"; };
		A6BD3BE52B10BE9800FA71D4 /* PodCast_AppUITestsLaunchTests.swift */ = {isa = PBXFileReference; lastKnownFileType = sourcecode.swift; path = PodCast_AppUITestsLaunchTests.swift; sourceTree = "<group>"; };
/* End PBXFileReference section */

/* Begin PBXFrameworksBuildPhase section */
		A6BD3BBD2B10BE9600FA71D4 /* Frameworks */ = {
			isa = PBXFrameworksBuildPhase;
			buildActionMask = 2147483647;
			files = (
				A6AAAA6B2B10F02B00C0414F /* PodCastPackage in Frameworks */,
			);
			runOnlyForDeploymentPostprocessing = 0;
		};
		A6BD3BD22B10BE9800FA71D4 /* Frameworks */ = {
			isa = PBXFrameworksBuildPhase;
			buildActionMask = 2147483647;
			files = (
			);
			runOnlyForDeploymentPostprocessing = 0;
		};
		A6BD3BDC2B10BE9800FA71D4 /* Frameworks */ = {
			isa = PBXFrameworksBuildPhase;
			buildActionMask = 2147483647;
			files = (
			);
			runOnlyForDeploymentPostprocessing = 0;
		};
/* End PBXFrameworksBuildPhase section */

/* Begin PBXGroup section */
		A6AAAA692B10F01E00C0414F /* Frameworks */ = {
			isa = PBXGroup;
			children = (
			);
			name = Frameworks;
			sourceTree = "<group>";
		};
		A6BD3BB72B10BE9600FA71D4 = {
			isa = PBXGroup;
			children = (
				A6AAAA682B10DF3900C0414F /* PodCastPackage */,
				A6BD3BC22B10BE9600FA71D4 /* PodCast App */,
				A6BD3BD82B10BE9800FA71D4 /* PodCast AppTests */,
				A6BD3BE22B10BE9800FA71D4 /* PodCast AppUITests */,
				A6BD3BC12B10BE9600FA71D4 /* Products */,
				A6AAAA692B10F01E00C0414F /* Frameworks */,
			);
			sourceTree = "<group>";
		};
		A6BD3BC12B10BE9600FA71D4 /* Products */ = {
			isa = PBXGroup;
			children = (
				A6BD3BC02B10BE9600FA71D4 /* Support App.app */,
				A6BD3BD52B10BE9800FA71D4 /* Support AppTests.xctest */,
				A6BD3BDF2B10BE9800FA71D4 /* Support AppUITests.xctest */,
			);
			name = Products;
			sourceTree = "<group>";
		};
		A6BD3BC22B10BE9600FA71D4 /* PodCast App */ = {
			isa = PBXGroup;
			children = (
				A6AAAA6C2B132BCC00C0414F /* PodCast-App-Info.plist */,
				A67D90E62D15C365004086F2 /* splash.json */,
				A67D90E82D15C369004086F2 /* login.json */,
				A6BD3BC32B10BE9600FA71D4 /* PodCast_AppApp.swift */,
				A6BD3BC72B10BE9800FA71D4 /* Assets.xcassets */,
				A6BD3BCE2B10BE9800FA71D4 /* PodCast_App.xcdatamodeld */,
				A6BD3BC92B10BE9800FA71D4 /* Preview Content */,
			);
			path = "PodCast App";
			sourceTree = "<group>";
		};
		A6BD3BC92B10BE9800FA71D4 /* Preview Content */ = {
			isa = PBXGroup;
			children = (
				A6BD3BCA2B10BE9800FA71D4 /* Preview Assets.xcassets */,
			);
			path = "Preview Content";
			sourceTree = "<group>";
		};
		A6BD3BD82B10BE9800FA71D4 /* PodCast AppTests */ = {
			isa = PBXGroup;
			children = (
				A6BD3BD92B10BE9800FA71D4 /* PodCast_AppTests.swift */,
			);
			path = "PodCast AppTests";
			sourceTree = "<group>";
		};
		A6BD3BE22B10BE9800FA71D4 /* PodCast AppUITests */ = {
			isa = PBXGroup;
			children = (
				A6BD3BE32B10BE9800FA71D4 /* PodCast_AppUITests.swift */,
				A6BD3BE52B10BE9800FA71D4 /* PodCast_AppUITestsLaunchTests.swift */,
			);
			path = "PodCast AppUITests";
			sourceTree = "<group>";
		};
/* End PBXGroup section */

/* Begin PBXNativeTarget section */
		A6BD3BBF2B10BE9600FA71D4 /* Support App */ = {
			isa = PBXNativeTarget;
			buildConfigurationList = A6BD3BE92B10BE9800FA71D4 /* Build configuration list for PBXNativeTarget "Support App" */;
			buildPhases = (
				A6BD3BBC2B10BE9600FA71D4 /* Sources */,
				A6BD3BBD2B10BE9600FA71D4 /* Frameworks */,
				A6BD3BBE2B10BE9600FA71D4 /* Resources */,
			);
			buildRules = (
			);
			dependencies = (
			);
			name = "Support App";
			packageProductDependencies = (
				A6AAAA6A2B10F02B00C0414F /* PodCastPackage */,
			);
			productName = "PodCast App";
			productReference = A6BD3BC02B10BE9600FA71D4 /* Support App.app */;
			productType = "com.apple.product-type.application";
		};
		A6BD3BD42B10BE9800FA71D4 /* Support AppTests */ = {
			isa = PBXNativeTarget;
			buildConfigurationList = A6BD3BEC2B10BE9800FA71D4 /* Build configuration list for PBXNativeTarget "Support AppTests" */;
			buildPhases = (
				A6BD3BD12B10BE9800FA71D4 /* Sources */,
				A6BD3BD22B10BE9800FA71D4 /* Frameworks */,
				A6BD3BD32B10BE9800FA71D4 /* Resources */,
			);
			buildRules = (
			);
			dependencies = (
				A6BD3BD72B10BE9800FA71D4 /* PBXTargetDependency */,
			);
			name = "Support AppTests";
			productName = "PodCast AppTests";
			productReference = A6BD3BD52B10BE9800FA71D4 /* Support AppTests.xctest */;
			productType = "com.apple.product-type.bundle.unit-test";
		};
		A6BD3BDE2B10BE9800FA71D4 /* Support AppUITests */ = {
			isa = PBXNativeTarget;
			buildConfigurationList = A6BD3BEF2B10BE9800FA71D4 /* Build configuration list for PBXNativeTarget "Support AppUITests" */;
			buildPhases = (
				A6BD3BDB2B10BE9800FA71D4 /* Sources */,
				A6BD3BDC2B10BE9800FA71D4 /* Frameworks */,
				A6BD3BDD2B10BE9800FA71D4 /* Resources */,
			);
			buildRules = (
			);
			dependencies = (
				A6BD3BE12B10BE9800FA71D4 /* PBXTargetDependency */,
			);
			name = "Support AppUITests";
			productName = "PodCast AppUITests";
			productReference = A6BD3BDF2B10BE9800FA71D4 /* Support AppUITests.xctest */;
			productType = "com.apple.product-type.bundle.ui-testing";
		};
/* End PBXNativeTarget section */

/* Begin PBXProject section */
		A6BD3BB82B10BE9600FA71D4 /* Project object */ = {
			isa = PBXProject;
			attributes = {
				BuildIndependentTargetsInParallel = 1;
				LastSwiftUpdateCheck = 1500;
				LastUpgradeCheck = 1500;
				TargetAttributes = {
					A6BD3BBF2B10BE9600FA71D4 = {
						CreatedOnToolsVersion = 15.0.1;
					};
					A6BD3BD42B10BE9800FA71D4 = {
						CreatedOnToolsVersion = 15.0.1;
						TestTargetID = A6BD3BBF2B10BE9600FA71D4;
					};
					A6BD3BDE2B10BE9800FA71D4 = {
						CreatedOnToolsVersion = 15.0.1;
						TestTargetID = A6BD3BBF2B10BE9600FA71D4;
					};
				};
			};
			buildConfigurationList = A6BD3BBB2B10BE9600FA71D4 /* Build configuration list for PBXProject "Support App" */;
			compatibilityVersion = "Xcode 14.0";
			developmentRegion = en;
			hasScannedForEncodings = 0;
			knownRegions = (
				en,
				Base,
			);
			mainGroup = A6BD3BB72B10BE9600FA71D4;
			productRefGroup = A6BD3BC12B10BE9600FA71D4 /* Products */;
			projectDirPath = "";
			projectRoot = "";
			targets = (
				A6BD3BBF2B10BE9600FA71D4 /* Support App */,
				A6BD3BD42B10BE9800FA71D4 /* Support AppTests */,
				A6BD3BDE2B10BE9800FA71D4 /* Support AppUITests */,
			);
		};
/* End PBXProject section */

/* Begin PBXResourcesBuildPhase section */
		A6BD3BBE2B10BE9600FA71D4 /* Resources */ = {
			isa = PBXResourcesBuildPhase;
			buildActionMask = 2147483647;
			files = (
				A6BD3BCB2B10BE9800FA71D4 /* Preview Assets.xcassets in Resources */,
				A6BD3BC82B10BE9800FA71D4 /* Assets.xcassets in Resources */,
				A67D90E92D15C369004086F2 /* login.json in Resources */,
				A67D90E72D15C365004086F2 /* splash.json in Resources */,
			);
			runOnlyForDeploymentPostprocessing = 0;
		};
		A6BD3BD32B10BE9800FA71D4 /* Resources */ = {
			isa = PBXResourcesBuildPhase;
			buildActionMask = 2147483647;
			files = (
			);
			runOnlyForDeploymentPostprocessing = 0;
		};
		A6BD3BDD2B10BE9800FA71D4 /* Resources */ = {
			isa = PBXResourcesBuildPhase;
			buildActionMask = 2147483647;
			files = (
			);
			runOnlyForDeploymentPostprocessing = 0;
		};
/* End PBXResourcesBuildPhase section */

/* Begin PBXSourcesBuildPhase section */
		A6BD3BBC2B10BE9600FA71D4 /* Sources */ = {
			isa = PBXSourcesBuildPhase;
			buildActionMask = 2147483647;
			files = (
				A6BD3BD02B10BE9800FA71D4 /* PodCast_App.xcdatamodeld in Sources */,
				A6BD3BC42B10BE9600FA71D4 /* PodCast_AppApp.swift in Sources */,
			);
			runOnlyForDeploymentPostprocessing = 0;
		};
		A6BD3BD12B10BE9800FA71D4 /* Sources */ = {
			isa = PBXSourcesBuildPhase;
			buildActionMask = 2147483647;
			files = (
				A6BD3BDA2B10BE9800FA71D4 /* PodCast_AppTests.swift in Sources */,
			);
			runOnlyForDeploymentPostprocessing = 0;
		};
		A6BD3BDB2B10BE9800FA71D4 /* Sources */ = {
			isa = PBXSourcesBuildPhase;
			buildActionMask = 2147483647;
			files = (
				A6BD3BE42B10BE9800FA71D4 /* PodCast_AppUITests.swift in Sources */,
				A6BD3BE62B10BE9800FA71D4 /* PodCast_AppUITestsLaunchTests.swift in Sources */,
			);
			runOnlyForDeploymentPostprocessing = 0;
		};
/* End PBXSourcesBuildPhase section */

/* Begin PBXTargetDependency section */
		A6BD3BD72B10BE9800FA71D4 /* PBXTargetDependency */ = {
			isa = PBXTargetDependency;
			target = A6BD3BBF2B10BE9600FA71D4 /* Support App */;
			targetProxy = A6BD3BD62B10BE9800FA71D4 /* PBXContainerItemProxy */;
		};
		A6BD3BE12B10BE9800FA71D4 /* PBXTargetDependency */ = {
			isa = PBXTargetDependency;
			target = A6BD3BBF2B10BE9600FA71D4 /* Support App */;
			targetProxy = A6BD3BE02B10BE9800FA71D4 /* PBXContainerItemProxy */;
		};
/* End PBXTargetDependency section */

/* Begin XCBuildConfiguration section */
		A6BD3BE72B10BE9800FA71D4 /* Debug */ = {
			isa = XCBuildConfiguration;
			buildSettings = {
				ALWAYS_SEARCH_USER_PATHS = NO;
				ASSETCATALOG_COMPILER_GENERATE_SWIFT_ASSET_SYMBOL_EXTENSIONS = YES;
				CLANG_ANALYZER_NONNULL = YES;
				CLANG_ANALYZER_NUMBER_OBJECT_CONVERSION = YES_AGGRESSIVE;
				CLANG_CXX_LANGUAGE_STANDARD = "gnu++20";
				CLANG_ENABLE_MODULES = YES;
				CLANG_ENABLE_OBJC_ARC = YES;
				CLANG_ENABLE_OBJC_WEAK = YES;
				CLANG_WARN_BLOCK_CAPTURE_AUTORELEASING = YES;
				CLANG_WARN_BOOL_CONVERSION = YES;
				CLANG_WARN_COMMA = YES;
				CLANG_WARN_CONSTANT_CONVERSION = YES;
				CLANG_WARN_DEPRECATED_OBJC_IMPLEMENTATIONS = YES;
				CLANG_WARN_DIRECT_OBJC_ISA_USAGE = YES_ERROR;
				CLANG_WARN_DOCUMENTATION_COMMENTS = YES;
				CLANG_WARN_EMPTY_BODY = YES;
				CLANG_WARN_ENUM_CONVERSION = YES;
				CLANG_WARN_INFINITE_RECURSION = YES;
				CLANG_WARN_INT_CONVERSION = YES;
				CLANG_WARN_NON_LITERAL_NULL_CONVERSION = YES;
				CLANG_WARN_OBJC_IMPLICIT_RETAIN_SELF = YES;
				CLANG_WARN_OBJC_LITERAL_CONVERSION = YES;
				CLANG_WARN_OBJC_ROOT_CLASS = YES_ERROR;
				CLANG_WARN_QUOTED_INCLUDE_IN_FRAMEWORK_HEADER = YES;
				CLANG_WARN_RANGE_LOOP_ANALYSIS = YES;
				CLANG_WARN_STRICT_PROTOTYPES = YES;
				CLANG_WARN_SUSPICIOUS_MOVE = YES;
				CLANG_WARN_UNGUARDED_AVAILABILITY = YES_AGGRESSIVE;
				CLANG_WARN_UNREACHABLE_CODE = YES;
				CLANG_WARN__DUPLICATE_METHOD_MATCH = YES;
				COPY_PHASE_STRIP = NO;
				DEBUG_INFORMATION_FORMAT = dwarf;
				ENABLE_STRICT_OBJC_MSGSEND = YES;
				ENABLE_TESTABILITY = YES;
				ENABLE_USER_SCRIPT_SANDBOXING = YES;
				GCC_C_LANGUAGE_STANDARD = gnu17;
				GCC_DYNAMIC_NO_PIC = NO;
				GCC_NO_COMMON_BLOCKS = YES;
				GCC_OPTIMIZATION_LEVEL = 0;
				GCC_PREPROCESSOR_DEFINITIONS = (
					"DEBUG=1",
					"$(inherited)",
				);
				GCC_WARN_64_TO_32_BIT_CONVERSION = YES;
				GCC_WARN_ABOUT_RETURN_TYPE = YES_ERROR;
				GCC_WARN_UNDECLARED_SELECTOR = YES;
				GCC_WARN_UNINITIALIZED_AUTOS = YES_AGGRESSIVE;
				GCC_WARN_UNUSED_FUNCTION = YES;
				GCC_WARN_UNUSED_VARIABLE = YES;
				IPHONEOS_DEPLOYMENT_TARGET = 17.6;
				LOCALIZATION_PREFERS_STRING_CATALOGS = YES;
				MTL_ENABLE_DEBUG_INFO = INCLUDE_SOURCE;
				MTL_FAST_MATH = YES;
				ONLY_ACTIVE_ARCH = YES;
				SDKROOT = iphoneos;
				SWIFT_ACTIVE_COMPILATION_CONDITIONS = "DEBUG $(inherited)";
				SWIFT_OPTIMIZATION_LEVEL = "-Onone";
			};
			name = Debug;
		};
		A6BD3BE82B10BE9800FA71D4 /* Release */ = {
			isa = XCBuildConfiguration;
			buildSettings = {
				ALWAYS_SEARCH_USER_PATHS = NO;
				ASSETCATALOG_COMPILER_GENERATE_SWIFT_ASSET_SYMBOL_EXTENSIONS = YES;
				CLANG_ANALYZER_NONNULL = YES;
				CLANG_ANALYZER_NUMBER_OBJECT_CONVERSION = YES_AGGRESSIVE;
				CLANG_CXX_LANGUAGE_STANDARD = "gnu++20";
				CLANG_ENABLE_MODULES = YES;
				CLANG_ENABLE_OBJC_ARC = YES;
				CLANG_ENABLE_OBJC_WEAK = YES;
				CLANG_WARN_BLOCK_CAPTURE_AUTORELEASING = YES;
				CLANG_WARN_BOOL_CONVERSION = YES;
				CLANG_WARN_COMMA = YES;
				CLANG_WARN_CONSTANT_CONVERSION = YES;
				CLANG_WARN_DEPRECATED_OBJC_IMPLEMENTATIONS = YES;
				CLANG_WARN_DIRECT_OBJC_ISA_USAGE = YES_ERROR;
				CLANG_WARN_DOCUMENTATION_COMMENTS = YES;
				CLANG_WARN_EMPTY_BODY = YES;
				CLANG_WARN_ENUM_CONVERSION = YES;
				CLANG_WARN_INFINITE_RECURSION = YES;
				CLANG_WARN_INT_CONVERSION = YES;
				CLANG_WARN_NON_LITERAL_NULL_CONVERSION = YES;
				CLANG_WARN_OBJC_IMPLICIT_RETAIN_SELF = YES;
				CLANG_WARN_OBJC_LITERAL_CONVERSION = YES;
				CLANG_WARN_OBJC_ROOT_CLASS = YES_ERROR;
				CLANG_WARN_QUOTED_INCLUDE_IN_FRAMEWORK_HEADER = YES;
				CLANG_WARN_RANGE_LOOP_ANALYSIS = YES;
				CLANG_WARN_STRICT_PROTOTYPES = YES;
				CLANG_WARN_SUSPICIOUS_MOVE = YES;
				CLANG_WARN_UNGUARDED_AVAILABILITY = YES_AGGRESSIVE;
				CLANG_WARN_UNREACHABLE_CODE = YES;
				CLANG_WARN__DUPLICATE_METHOD_MATCH = YES;
				COPY_PHASE_STRIP = NO;
				DEBUG_INFORMATION_FORMAT = "dwarf-with-dsym";
				ENABLE_NS_ASSERTIONS = NO;
				ENABLE_STRICT_OBJC_MSGSEND = YES;
				ENABLE_USER_SCRIPT_SANDBOXING = YES;
				GCC_C_LANGUAGE_STANDARD = gnu17;
				GCC_NO_COMMON_BLOCKS = YES;
				GCC_WARN_64_TO_32_BIT_CONVERSION = YES;
				GCC_WARN_ABOUT_RETURN_TYPE = YES_ERROR;
				GCC_WARN_UNDECLARED_SELECTOR = YES;
				GCC_WARN_UNINITIALIZED_AUTOS = YES_AGGRESSIVE;
				GCC_WARN_UNUSED_FUNCTION = YES;
				GCC_WARN_UNUSED_VARIABLE = YES;
				IPHONEOS_DEPLOYMENT_TARGET = 17.6;
				LOCALIZATION_PREFERS_STRING_CATALOGS = YES;
				MTL_ENABLE_DEBUG_INFO = NO;
				MTL_FAST_MATH = YES;
				SDKROOT = iphoneos;
				SWIFT_COMPILATION_MODE = wholemodule;
				VALIDATE_PRODUCT = YES;
			};
			name = Release;
		};
		A6BD3BEA2B10BE9800FA71D4 /* Debug */ = {
			isa = XCBuildConfiguration;
			buildSettings = {
				ASSETCATALOG_COMPILER_APPICON_NAME = AppIcon;
				ASSETCATALOG_COMPILER_GLOBAL_ACCENT_COLOR_NAME = AccentColor;
				CODE_SIGN_STYLE = Automatic;
				CURRENT_PROJECT_VERSION = 1;
				DEVELOPMENT_ASSET_PATHS = "\"PodCast App/Preview Content\"";
				DEVELOPMENT_TEAM = 38QU2AL57L;
				ENABLE_PREVIEWS = YES;
				GENERATE_INFOPLIST_FILE = YES;
				INFOPLIST_FILE = "PodCast-App-Info.plist";
				INFOPLIST_KEY_CFBundleDisplayName = "Support App";
				INFOPLIST_KEY_UIApplicationSceneManifest_Generation = YES;
				INFOPLIST_KEY_UIApplicationSupportsIndirectInputEvents = YES;
				INFOPLIST_KEY_UILaunchScreen_Generation = YES;
				INFOPLIST_KEY_UISupportedInterfaceOrientations = UIInterfaceOrientationPortrait;
				IPHONEOS_DEPLOYMENT_TARGET = 17.6;
				LD_RUNPATH_SEARCH_PATHS = (
					"$(inherited)",
					"@executable_path/Frameworks",
				);
				MARKETING_VERSION = 1.0;
				PRODUCT_BUNDLE_IDENTIFIER = "com.Podcast.Thomaniah.Support-App";
				PRODUCT_NAME = "$(TARGET_NAME)";
				SWIFT_EMIT_LOC_STRINGS = YES;
				SWIFT_VERSION = 5.0;
				TARGETED_DEVICE_FAMILY = "1,2";
			};
			name = Debug;
		};
		A6BD3BEB2B10BE9800FA71D4 /* Release */ = {
			isa = XCBuildConfiguration;
			buildSettings = {
				ASSETCATALOG_COMPILER_APPICON_NAME = AppIcon;
				ASSETCATALOG_COMPILER_GLOBAL_ACCENT_COLOR_NAME = AccentColor;
				CODE_SIGN_STYLE = Automatic;
				CURRENT_PROJECT_VERSION = 1;
				DEVELOPMENT_ASSET_PATHS = "\"PodCast App/Preview Content\"";
				DEVELOPMENT_TEAM = 38QU2AL57L;
				ENABLE_PREVIEWS = YES;
				GENERATE_INFOPLIST_FILE = YES;
				INFOPLIST_FILE = "PodCast-App-Info.plist";
				INFOPLIST_KEY_CFBundleDisplayName = "Support App";
				INFOPLIST_KEY_UIApplicationSceneManifest_Generation = YES;
				INFOPLIST_KEY_UIApplicationSupportsIndirectInputEvents = YES;
				INFOPLIST_KEY_UILaunchScreen_Generation = YES;
				INFOPLIST_KEY_UISupportedInterfaceOrientations = UIInterfaceOrientationPortrait;
				IPHONEOS_DEPLOYMENT_TARGET = 17.6;
				LD_RUNPATH_SEARCH_PATHS = (
					"$(inherited)",
					"@executable_path/Frameworks",
				);
				MARKETING_VERSION = 1.0;
				PRODUCT_BUNDLE_IDENTIFIER = "com.Podcast.Thomaniah.Support-App";
				PRODUCT_NAME = "$(TARGET_NAME)";
				SWIFT_EMIT_LOC_STRINGS = YES;
				SWIFT_VERSION = 5.0;
				TARGETED_DEVICE_FAMILY = "1,2";
			};
			name = Release;
		};
		A6BD3BED2B10BE9800FA71D4 /* Debug */ = {
			isa = XCBuildConfiguration;
			buildSettings = {
				ALWAYS_EMBED_SWIFT_STANDARD_LIBRARIES = YES;
				BUNDLE_LOADER = "$(TEST_HOST)";
				CODE_SIGN_STYLE = Automatic;
				CURRENT_PROJECT_VERSION = 1;
				DEVELOPMENT_TEAM = 38QU2AL57L;
				GENERATE_INFOPLIST_FILE = YES;
				IPHONEOS_DEPLOYMENT_TARGET = 17.0;
				MARKETING_VERSION = 1.0;
				PRODUCT_BUNDLE_IDENTIFIER = "com.Podcast.Thomaniah.PodCast-AppTests";
				PRODUCT_NAME = "$(TARGET_NAME)";
				SWIFT_EMIT_LOC_STRINGS = NO;
				SWIFT_VERSION = 5.0;
				TARGETED_DEVICE_FAMILY = "1,2";
				TEST_HOST = "$(BUILT_PRODUCTS_DIR)/Support App.app/$(BUNDLE_EXECUTABLE_FOLDER_PATH)/Support App";
			};
			name = Debug;
		};
		A6BD3BEE2B10BE9800FA71D4 /* Release */ = {
			isa = XCBuildConfiguration;
			buildSettings = {
				ALWAYS_EMBED_SWIFT_STANDARD_LIBRARIES = YES;
				BUNDLE_LOADER = "$(TEST_HOST)";
				CODE_SIGN_STYLE = Automatic;
				CURRENT_PROJECT_VERSION = 1;
				DEVELOPMENT_TEAM = 38QU2AL57L;
				GENERATE_INFOPLIST_FILE = YES;
				IPHONEOS_DEPLOYMENT_TARGET = 17.0;
				MARKETING_VERSION = 1.0;
				PRODUCT_BUNDLE_IDENTIFIER = "com.Podcast.Thomaniah.PodCast-AppTests";
				PRODUCT_NAME = "$(TARGET_NAME)";
				SWIFT_EMIT_LOC_STRINGS = NO;
				SWIFT_VERSION = 5.0;
				TARGETED_DEVICE_FAMILY = "1,2";
				TEST_HOST = "$(BUILT_PRODUCTS_DIR)/Support App.app/$(BUNDLE_EXECUTABLE_FOLDER_PATH)/Support App";
			};
			name = Release;
		};
		A6BD3BF02B10BE9800FA71D4 /* Debug */ = {
			isa = XCBuildConfiguration;
			buildSettings = {
				ALWAYS_EMBED_SWIFT_STANDARD_LIBRARIES = YES;
				CODE_SIGN_STYLE = Automatic;
				CURRENT_PROJECT_VERSION = 1;
				DEVELOPMENT_TEAM = 38QU2AL57L;
				GENERATE_INFOPLIST_FILE = YES;
				MARKETING_VERSION = 1.0;
				PRODUCT_BUNDLE_IDENTIFIER = "com.Podcast.Thomaniah.PodCast-AppUITests";
				PRODUCT_NAME = "$(TARGET_NAME)";
				SWIFT_EMIT_LOC_STRINGS = NO;
				SWIFT_VERSION = 5.0;
				TARGETED_DEVICE_FAMILY = "1,2";
				TEST_TARGET_NAME = "PodCast App";
			};
			name = Debug;
		};
		A6BD3BF12B10BE9800FA71D4 /* Release */ = {
			isa = XCBuildConfiguration;
			buildSettings = {
				ALWAYS_EMBED_SWIFT_STANDARD_LIBRARIES = YES;
				CODE_SIGN_STYLE = Automatic;
				CURRENT_PROJECT_VERSION = 1;
				DEVELOPMENT_TEAM = 38QU2AL57L;
				GENERATE_INFOPLIST_FILE = YES;
				MARKETING_VERSION = 1.0;
				PRODUCT_BUNDLE_IDENTIFIER = "com.Podcast.Thomaniah.PodCast-AppUITests";
				PRODUCT_NAME = "$(TARGET_NAME)";
				SWIFT_EMIT_LOC_STRINGS = NO;
				SWIFT_VERSION = 5.0;
				TARGETED_DEVICE_FAMILY = "1,2";
				TEST_TARGET_NAME = "PodCast App";
			};
			name = Release;
		};
/* End XCBuildConfiguration section */

/* Begin XCConfigurationList section */
		A6BD3BBB2B10BE9600FA71D4 /* Build configuration list for PBXProject "Support App" */ = {
			isa = XCConfigurationList;
			buildConfigurations = (
				A6BD3BE72B10BE9800FA71D4 /* Debug */,
				A6BD3BE82B10BE9800FA71D4 /* Release */,
			);
			defaultConfigurationIsVisible = 0;
			defaultConfigurationName = Release;
		};
		A6BD3BE92B10BE9800FA71D4 /* Build configuration list for PBXNativeTarget "Support App" */ = {
			isa = XCConfigurationList;
			buildConfigurations = (
				A6BD3BEA2B10BE9800FA71D4 /* Debug */,
				A6BD3BEB2B10BE9800FA71D4 /* Release */,
			);
			defaultConfigurationIsVisible = 0;
			defaultConfigurationName = Release;
		};
		A6BD3BEC2B10BE9800FA71D4 /* Build configuration list for PBXNativeTarget "Support AppTests" */ = {
			isa = XCConfigurationList;
			buildConfigurations = (
				A6BD3BED2B10BE9800FA71D4 /* Debug */,
				A6BD3BEE2B10BE9800FA71D4 /* Release */,
			);
			defaultConfigurationIsVisible = 0;
			defaultConfigurationName = Release;
		};
		A6BD3BEF2B10BE9800FA71D4 /* Build configuration list for PBXNativeTarget "Support AppUITests" */ = {
			isa = XCConfigurationList;
			buildConfigurations = (
				A6BD3BF02B10BE9800FA71D4 /* Debug */,
				A6BD3BF12B10BE9800FA71D4 /* Release */,
			);
			defaultConfigurationIsVisible = 0;
			defaultConfigurationName = Release;
		};
/* End XCConfigurationList section */

/* Begin XCSwiftPackageProductDependency section */
		A6AAAA6A2B10F02B00C0414F /* PodCastPackage */ = {
			isa = XCSwiftPackageProductDependency;
			productName = PodCastPackage;
		};
/* End XCSwiftPackageProductDependency section */

/* Begin XCVersionGroup section */
		A6BD3BCE2B10BE9800FA71D4 /* PodCast_App.xcdatamodeld */ = {
			isa = XCVersionGroup;
			children = (
				A6BD3BCF2B10BE9800FA71D4 /* PodCast_App.xcdatamodel */,
			);
			currentVersion = A6BD3BCF2B10BE9800FA71D4 /* PodCast_App.xcdatamodel */;
			path = PodCast_App.xcdatamodeld;
			sourceTree = "<group>";
			versionGroupType = wrapper.xcdatamodel;
		};
/* End XCVersionGroup section */
	};
	rootObject = A6BD3BB82B10BE9600FA71D4 /* Project object */;
}
